
Microsoft Visual Studio Solution File, Format Version 12.00
# Visual Studio 15
VisualStudioVersion = 15.0.28307.1000
MinimumVisualStudioVersion = 10.0.40219.1
Project("{FAE04EC0-301F-11D3-BF4B-00C04F79EFBC}") = "MonoTest.DirectX", "MonoTest.DirectX\MonoTest.DirectX.csproj", "{ED038BB1-2AF1-47BF-A6BB-F7423586B644}"
EndProject
Global
	GlobalSection(SolutionConfigurationPlatforms) = preSolution
		Debug|x86 = Debug|x86
		Release|x86 = Release|x86
	EndGlobalSection
	GlobalSection(ProjectConfigurationPlatforms) = postSolution
		{ED038BB1-2AF1-47BF-A6BB-F7423586B644}.Debug|x86.ActiveCfg = Debug|x86
		{ED038BB1-2AF1-47BF-A6BB-F7423586B644}.Debug|x86.Build.0 = Debug|x86
		{ED038BB1-2AF1-47BF-A6BB-F7423586B644}.Release|x86.ActiveCfg = Release|x86
		{ED038BB1-2AF1-47BF-A6BB-F7423586B644}.Release|x86.Build.0 = Release|x86
	EndGlobalSection
	GlobalSection(SolutionProperties) = preSolution
		HideSolutionNode = FALSE
	EndGlobalSection
	GlobalSection(ExtensibilityGlobals) = postSolution
		SolutionGuid = {7DBF5137-92E3-4CD5-9798-8A279D26D47E}
	EndGlobalSection
EndGlobal
